
Microsoft Visual Studio Solution File, Format Version 12.00
# Visual Studio 14
VisualStudioVersion = 14.0.25123.0
MinimumVisualStudioVersion = 10.0.40219.1
Project("{FAE04EC0-301F-11D3-BF4B-00C04F79EFBC}") = "CoolService", "ShootingRange\CoolService.csproj", "{1452D0B2-1E0A-4D37-A8C0-A81A967D1A12}"
EndProject
Project("{FAE04EC0-301F-11D3-BF4B-00C04F79EFBC}") = "Client", "WpfApplication1\Client.csproj", "{E6CDA1D3-478B-4287-838A-FE04653F55CA}"
EndProject
Global
	GlobalSection(SolutionConfigurationPlatforms) = preSolution
		Debug|Any CPU = Debug|Any CPU
		Release|Any CPU = Release|Any CPU
	EndGlobalSection
	GlobalSection(ProjectConfigurationPlatforms) = postSolution
		{1452D0B2-1E0A-4D37-A8C0-A81A967D1A12}.Debug|Any CPU.ActiveCfg = Debug|Any CPU
		{1452D0B2-1E0A-4D37-A8C0-A81A967D1A12}.Debug|Any CPU.Build.0 = Debug|Any CPU
		{1452D0B2-1E0A-4D37-A8C0-A81A967D1A12}.Release|Any CPU.ActiveCfg = Release|Any CPU
		{1452D0B2-1E0A-4D37-A8C0-A81A967D1A12}.Release|Any CPU.Build.0 = Release|Any CPU
		{E6CDA1D3-478B-4287-838A-FE04653F55CA}.Debug|Any CPU.ActiveCfg = Debug|Any CPU
		{E6CDA1D3-478B-4287-838A-FE04653F55CA}.Debug|Any CPU.Build.0 = Debug|Any CPU
		{E6CDA1D3-478B-4287-838A-FE04653F55CA}.Release|Any CPU.ActiveCfg = Release|Any CPU
		{E6CDA1D3-478B-4287-838A-FE04653F55CA}.Release|Any CPU.Build.0 = Release|Any CPU
	EndGlobalSection
	GlobalSection(SolutionProperties) = preSolution
		HideSolutionNode = FALSE
	EndGlobalSection
EndGlobal
